{
    "_meta": {
        "hash": {
            "sha256": "c91013ea67c0d1b403d3b186a3c8fb5486d76afd8641d608356905f10f3a2efb"
        },
        "pipfile-spec": 6,
        "requires": {
            "python_version": "3.8"
        },
        "sources": [
            {
                "name": "pypi",
                "url": "https://pypi.org/simple",
                "verify_ssl": true
            }
        ]
    },
    "default": {
        "maturin": {
            "hashes": [
                "sha256:0989bcd525a1cf0af0966924f139a88688b76c4c60446203c8014f3a757ef373",
                "sha256:695620e280a45919a30a064eb2f6f7e15862cea1f7ed0e9c9581624aa27e0e7f",
                "sha256:750a0b009e8cd0a5fa085f27242e91b81545964301d06da354433675cdf146ad",
                "sha256:7cfbfed827d75e148297f747f979a4362bb94582221196bae85834a9e17b5186",
                "sha256:7e68fd4eb163c30e7285e8002762ba295251d8882a81c3e8af99b4f9bc23c3d5",
                "sha256:c4916d17a8f0f8fc8d712af372dfc5eb4544e73044ecb9d5fca940b5c121bb88",
                "sha256:e5816daa6e3bc09f01d33f7dfb26f4d5d2b44dd00253896cd773f367537d81d5"
            ],
            "index": "pypi",
            "version": "==0.8.3"
        },
        "toml": {
            "hashes": [
                "sha256:806143ae5bfb6a3c6e736a764057db0e6a0e05e338b5630894a5f779cabb4f9b",
                "sha256:b3bda1d108d5dd99f4a20d24d9c348e91c4db7ab1b749200bded2f839ccbe68f"
            ],
            "markers": "python_version >= '2.6' and python_version not in '3.0, 3.1, 3.2'",
            "version": "==0.10.2"
        }
    },
    "develop": {}
}
